// !$*UTF8*$!
{
	archiveVersion = 1;
	classes = {
	};
	objectVersion = 46;
	objects = {

/* Begin PBXBuildFile section */
		4507407D1C181936005EF4A6 /* icon_artwork_default.png in Resources */ = {isa = PBXBuildFile; fileRef = 4507406E1C181936005EF4A6 /* icon_artwork_default.png */; };
		4507407E1C181936005EF4A6 /* icon_artwork_default@2x.png in Resources */ = {isa = PBXBuildFile; fileRef = 4507406F1C181936005EF4A6 /* icon_artwork_default@2x.png */; };
		4507407F1C181936005EF4A6 /* icon_artwork_default@3x.png in Resources */ = {isa = PBXBuildFile; fileRef = 450740701C181936005EF4A6 /* icon_artwork_default@3x.png */; };
		450740801C181936005EF4A6 /* icon_check.png in Resources */ = {isa = PBXBuildFile; fileRef = 450740711C181936005EF4A6 /* icon_check.png */; };
		450740811C181936005EF4A6 /* icon_check@2x.png in Resources */ = {isa = PBXBuildFile; fileRef = 450740721C181936005EF4A6 /* icon_check@2x.png */; };
		450740821C181936005EF4A6 /* icon_check@3x.png in Resources */ = {isa = PBXBuildFile; fileRef = 450740731C181936005EF4A6 /* icon_check@3x.png */; };
		450740831C181936005EF4A6 /* icon_plus.png in Resources */ = {isa = PBXBuildFile; fileRef = 450740741C181936005EF4A6 /* icon_plus.png */; };
		450740841C181936005EF4A6 /* icon_plus@2x.png in Resources */ = {isa = PBXBuildFile; fileRef = 450740751C181936005EF4A6 /* icon_plus@2x.png */; };
		450740851C181936005EF4A6 /* icon_plus@3x.png in Resources */ = {isa = PBXBuildFile; fileRef = 450740761C181936005EF4A6 /* icon_plus@3x.png */; };
		450740861C181936005EF4A6 /* icon_tab_genres.png in Resources */ = {isa = PBXBuildFile; fileRef = 450740771C181936005EF4A6 /* icon_tab_genres.png */; };
		450740871C181936005EF4A6 /* icon_tab_genres@2x.png in Resources */ = {isa = PBXBuildFile; fileRef = 450740781C181936005EF4A6 /* icon_tab_genres@2x.png */; };
		450740881C181936005EF4A6 /* icon_tab_genres@3x.png in Resources */ = {isa = PBXBuildFile; fileRef = 450740791C181936005EF4A6 /* icon_tab_genres@3x.png */; };
		450740891C181936005EF4A6 /* icon_tab_song.png in Resources */ = {isa = PBXBuildFile; fileRef = 4507407A1C181936005EF4A6 /* icon_tab_song.png */; };
		4507408A1C181936005EF4A6 /* icon_tab_song@2x.png in Resources */ = {isa = PBXBuildFile; fileRef = 4507407B1C181936005EF4A6 /* icon_tab_song@2x.png */; };
		4507408B1C181936005EF4A6 /* icon_tab_song@3x.png in Resources */ = {isa = PBXBuildFile; fileRef = 4507407C1C181936005EF4A6 /* icon_tab_song@3x.png */; };
		450740A21C181A51005EF4A6 /* SSCCategoryDetailsTableViewController.m in Sources */ = {isa = PBXBuildFile; fileRef = 450740911C181A51005EF4A6 /* SSCCategoryDetailsTableViewController.m */; };
		450740A31C181A51005EF4A6 /* SSCCategoriesTableViewController.m in Sources */ = {isa = PBXBuildFile; fileRef = 450740961C181A51005EF4A6 /* SSCCategoriesTableViewController.m */; };
		450740A41C181A51005EF4A6 /* SSCCategoryDetailsTableViewCell.m in Sources */ = {isa = PBXBuildFile; fileRef = 4507409A1C181A51005EF4A6 /* SSCCategoryDetailsTableViewCell.m */; };
		450740A51C181A51005EF4A6 /* SSCCategoryDetailsTableViewCell.xib in Resources */ = {isa = PBXBuildFile; fileRef = 4507409B1C181A51005EF4A6 /* SSCCategoryDetailsTableViewCell.xib */; };
		450740A61C181A51005EF4A6 /* SSCSongsTableViewController.m in Sources */ = {isa = PBXBuildFile; fileRef = 4507409F1C181A51005EF4A6 /* SSCSongsTableViewController.m */; };
		450740AB1C181A75005EF4A6 /* SSCNetworkingManager.m in Sources */ = {isa = PBXBuildFile; fileRef = 450740AA1C181A75005EF4A6 /* SSCNetworkingManager.m */; };
		450740AE1C1821CE005EF4A6 /* SSCTrackModel.m in Sources */ = {isa = PBXBuildFile; fileRef = 450740AD1C1821CE005EF4A6 /* SSCTrackModel.m */; };
		450D80011C19516A0086EBC6 /* MKAnnotationView+WebCache.m in Sources */ = {isa = PBXBuildFile; fileRef = 450D7FE11C19516A0086EBC6 /* MKAnnotationView+WebCache.m */; };
		450D80021C19516A0086EBC6 /* NSData+ImageContentType.m in Sources */ = {isa = PBXBuildFile; fileRef = 450D7FE31C19516A0086EBC6 /* NSData+ImageContentType.m */; };
		450D80031C19516A0086EBC6 /* SDImageCache.m in Sources */ = {isa = PBXBuildFile; fileRef = 450D7FE51C19516A0086EBC6 /* SDImageCache.m */; };
		450D80041C19516A0086EBC6 /* SDWebImageCompat.m in Sources */ = {isa = PBXBuildFile; fileRef = 450D7FE71C19516A0086EBC6 /* SDWebImageCompat.m */; };
		450D80051C19516A0086EBC6 /* SDWebImageDecoder.m in Sources */ = {isa = PBXBuildFile; fileRef = 450D7FE91C19516A0086EBC6 /* SDWebImageDecoder.m */; };
		450D80061C19516A0086EBC6 /* SDWebImageDownloader.m in Sources */ = {isa = PBXBuildFile; fileRef = 450D7FEB1C19516A0086EBC6 /* SDWebImageDownloader.m */; };
		450D80071C19516A0086EBC6 /* SDWebImageDownloaderOperation.m in Sources */ = {isa = PBXBuildFile; fileRef = 450D7FED1C19516A0086EBC6 /* SDWebImageDownloaderOperation.m */; };
		450D80081C19516A0086EBC6 /* SDWebImageManager.m in Sources */ = {isa = PBXBuildFile; fileRef = 450D7FEF1C19516A0086EBC6 /* SDWebImageManager.m */; };
		450D80091C19516A0086EBC6 /* SDWebImagePrefetcher.m in Sources */ = {isa = PBXBuildFile; fileRef = 450D7FF21C19516A0086EBC6 /* SDWebImagePrefetcher.m */; };
		450D800A1C19516A0086EBC6 /* UIButton+WebCache.m in Sources */ = {isa = PBXBuildFile; fileRef = 450D7FF41C19516A0086EBC6 /* UIButton+WebCache.m */; };
		450D800B1C19516A0086EBC6 /* UIImage+GIF.m in Sources */ = {isa = PBXBuildFile; fileRef = 450D7FF61C19516A0086EBC6 /* UIImage+GIF.m */; };
		450D800C1C19516A0086EBC6 /* UIImage+MultiFormat.m in Sources */ = {isa = PBXBuildFile; fileRef = 450D7FF81C19516A0086EBC6 /* UIImage+MultiFormat.m */; };
		450D800D1C19516A0086EBC6 /* UIImage+WebP.m in Sources */ = {isa = PBXBuildFile; fileRef = 450D7FFA1C19516A0086EBC6 /* UIImage+WebP.m */; };
		450D800E1C19516A0086EBC6 /* UIImageView+HighlightedWebCache.m in Sources */ = {isa = PBXBuildFile; fileRef = 450D7FFC1C19516A0086EBC6 /* UIImageView+HighlightedWebCache.m */; };
		450D800F1C19516A0086EBC6 /* UIImageView+WebCache.m in Sources */ = {isa = PBXBuildFile; fileRef = 450D7FFE1C19516A0086EBC6 /* UIImageView+WebCache.m */; };
		450D80101C19516A0086EBC6 /* UIView+WebCacheOperation.m in Sources */ = {isa = PBXBuildFile; fileRef = 450D80001C19516A0086EBC6 /* UIView+WebCacheOperation.m */; };
		4553C6791C1FEE1800E70942 /* UIScrollView+SVInfiniteScrolling.m in Sources */ = {isa = PBXBuildFile; fileRef = 4553C6761C1FEE1800E70942 /* UIScrollView+SVInfiniteScrolling.m */; };
		4553C67A1C1FEE1800E70942 /* UIScrollView+SVPullToRefresh.m in Sources */ = {isa = PBXBuildFile; fileRef = 4553C6781C1FEE1800E70942 /* UIScrollView+SVPullToRefresh.m */; };
		45701DE81C15725500F5E9AE /* main.m in Sources */ = {isa = PBXBuildFile; fileRef = 45701DE71C15725500F5E9AE /* main.m */; };
		45701DEB1C15725500F5E9AE /* AppDelegate.m in Sources */ = {isa = PBXBuildFile; fileRef = 45701DEA1C15725500F5E9AE /* AppDelegate.m */; };
		45701DF41C15725500F5E9AE /* Main.storyboard in Resources */ = {isa = PBXBuildFile; fileRef = 45701DF21C15725500F5E9AE /* Main.storyboard */; };
		45701DF61C15725500F5E9AE /* Assets.xcassets in Resources */ = {isa = PBXBuildFile; fileRef = 45701DF51C15725500F5E9AE /* Assets.xcassets */; };
		45701DF91C15725500F5E9AE /* LaunchScreen.storyboard in Resources */ = {isa = PBXBuildFile; fileRef = 45701DF71C15725500F5E9AE /* LaunchScreen.storyboard */; };
		45792FCD1C211A58003A4BDD /* icon_tab_search.png in Resources */ = {isa = PBXBuildFile; fileRef = 45792FCA1C211A58003A4BDD /* icon_tab_search.png */; };
		45792FCE1C211A58003A4BDD /* icon_tab_search@2x.png in Resources */ = {isa = PBXBuildFile; fileRef = 45792FCB1C211A58003A4BDD /* icon_tab_search@2x.png */; };
		45792FCF1C211A58003A4BDD /* icon_tab_search@3x.png in Resources */ = {isa = PBXBuildFile; fileRef = 45792FCC1C211A58003A4BDD /* icon_tab_search@3x.png */; };
		4579425C1C211B9E003A4BDD /* SSCSearchViewController.m in Sources */ = {isa = PBXBuildFile; fileRef = 457942591C211B9E003A4BDD /* SSCSearchViewController.m */; };
		45E239541C1A6C65009317B7 /* libsqlite3.tbd in Frameworks */ = {isa = PBXBuildFile; fileRef = 45E239531C1A6C65009317B7 /* libsqlite3.tbd */; };
		45E239721C1A6D7F009317B7 /* FMDatabase.m in Sources */ = {isa = PBXBuildFile; fileRef = 45E239681C1A6D7F009317B7 /* FMDatabase.m */; };
		45E239731C1A6D7F009317B7 /* FMDatabaseAdditions.m in Sources */ = {isa = PBXBuildFile; fileRef = 45E2396A1C1A6D7F009317B7 /* FMDatabaseAdditions.m */; };
		45E239741C1A6D7F009317B7 /* FMDatabasePool.m in Sources */ = {isa = PBXBuildFile; fileRef = 45E2396C1C1A6D7F009317B7 /* FMDatabasePool.m */; };
		45E239751C1A6D7F009317B7 /* FMDatabaseQueue.m in Sources */ = {isa = PBXBuildFile; fileRef = 45E2396E1C1A6D7F009317B7 /* FMDatabaseQueue.m */; };
		45E239761C1A6D7F009317B7 /* FMResultSet.m in Sources */ = {isa = PBXBuildFile; fileRef = 45E239711C1A6D7F009317B7 /* FMResultSet.m */; };
		45E239791C1A6DAD009317B7 /* SSCDatabaseManager.m in Sources */ = {isa = PBXBuildFile; fileRef = 45E239781C1A6DAD009317B7 /* SSCDatabaseManager.m */; };
		45E239831C1A8278009317B7 /* SVIndefiniteAnimatedView.m in Sources */ = {isa = PBXBuildFile; fileRef = 45E2397C1C1A8278009317B7 /* SVIndefiniteAnimatedView.m */; };
		45E239841C1A8278009317B7 /* SVProgressHUD.bundle in Resources */ = {isa = PBXBuildFile; fileRef = 45E2397E1C1A8278009317B7 /* SVProgressHUD.bundle */; };
		45E239851C1A8278009317B7 /* SVProgressHUD.m in Sources */ = {isa = PBXBuildFile; fileRef = 45E239801C1A8278009317B7 /* SVProgressHUD.m */; };
		45E239861C1A8278009317B7 /* SVRadialGradientLayer.m in Sources */ = {isa = PBXBuildFile; fileRef = 45E239821C1A8278009317B7 /* SVRadialGradientLayer.m */; };
		45E239881C1A853A009317B7 /* QuartzCore.framework in Frameworks */ = {isa = PBXBuildFile; fileRef = 45E239871C1A853A009317B7 /* QuartzCore.framework */; };
		45F554AB1C23EEB4001A60D8 /* NSString+Encoding.m in Sources */ = {isa = PBXBuildFile; fileRef = 45F554AA1C23EEB4001A60D8 /* NSString+Encoding.m */; };
/* End PBXBuildFile section */

/* Begin PBXFileReference section */
		4507406E1C181936005EF4A6 /* icon_artwork_default.png */ = {isa = PBXFileReference; lastKnownFileType = image.png; path = icon_artwork_default.png; sourceTree = "<group>"; };
		4507406F1C181936005EF4A6 /* icon_artwork_default@2x.png */ = {isa = PBXFileReference; lastKnownFileType = image.png; path = "icon_artwork_default@2x.png"; sourceTree = "<group>"; };
		450740701C181936005EF4A6 /* icon_artwork_default@3x.png */ = {isa = PBXFileReference; lastKnownFileType = image.png; path = "icon_artwork_default@3x.png"; sourceTree = "<group>"; };
		450740711C181936005EF4A6 /* icon_check.png */ = {isa = PBXFileReference; lastKnownFileType = image.png; path = icon_check.png; sourceTree = "<group>"; };
		450740721C181936005EF4A6 /* icon_check@2x.png */ = {isa = PBXFileReference; lastKnownFileType = image.png; path = "icon_check@2x.png"; sourceTree = "<group>"; };
		450740731C181936005EF4A6 /* icon_check@3x.png */ = {isa = PBXFileReference; lastKnownFileType = image.png; path = "icon_check@3x.png"; sourceTree = "<group>"; };
		450740741C181936005EF4A6 /* icon_plus.png */ = {isa = PBXFileReference; lastKnownFileType = image.png; path = icon_plus.png; sourceTree = "<group>"; };
		450740751C181936005EF4A6 /* icon_plus@2x.png */ = {isa = PBXFileReference; lastKnownFileType = image.png; path = "icon_plus@2x.png"; sourceTree = "<group>"; };
		450740761C181936005EF4A6 /* icon_plus@3x.png */ = {isa = PBXFileReference; lastKnownFileType = image.png; path = "icon_plus@3x.png"; sourceTree = "<group>"; };
		450740771C181936005EF4A6 /* icon_tab_genres.png */ = {isa = PBXFileReference; lastKnownFileType = image.png; path = icon_tab_genres.png; sourceTree = "<group>"; };
		450740781C181936005EF4A6 /* icon_tab_genres@2x.png */ = {isa = PBXFileReference; lastKnownFileType = image.png; path = "icon_tab_genres@2x.png"; sourceTree = "<group>"; };
		450740791C181936005EF4A6 /* icon_tab_genres@3x.png */ = {isa = PBXFileReference; lastKnownFileType = image.png; path = "icon_tab_genres@3x.png"; sourceTree = "<group>"; };
		4507407A1C181936005EF4A6 /* icon_tab_song.png */ = {isa = PBXFileReference; lastKnownFileType = image.png; path = icon_tab_song.png; sourceTree = "<group>"; };
		4507407B1C181936005EF4A6 /* icon_tab_song@2x.png */ = {isa = PBXFileReference; lastKnownFileType = image.png; path = "icon_tab_song@2x.png"; sourceTree = "<group>"; };
		4507407C1C181936005EF4A6 /* icon_tab_song@3x.png */ = {isa = PBXFileReference; lastKnownFileType = image.png; path = "icon_tab_song@3x.png"; sourceTree = "<group>"; };
		450740901C181A51005EF4A6 /* SSCCategoryDetailsTableViewController.h */ = {isa = PBXFileReference; fileEncoding = 4; lastKnownFileType = sourcecode.c.h; path = SSCCategoryDetailsTableViewController.h; sourceTree = "<group>"; };
		450740911C181A51005EF4A6 /* SSCCategoryDetailsTableViewController.m */ = {isa = PBXFileReference; fileEncoding = 4; lastKnownFileType = sourcecode.c.objc; path = SSCCategoryDetailsTableViewController.m; sourceTree = "<group>"; };
		450740951C181A51005EF4A6 /* SSCCategoriesTableViewController.h */ = {isa = PBXFileReference; fileEncoding = 4; lastKnownFileType = sourcecode.c.h; path = SSCCategoriesTableViewController.h; sourceTree = "<group>"; };
		450740961C181A51005EF4A6 /* SSCCategoriesTableViewController.m */ = {isa = PBXFileReference; fileEncoding = 4; lastKnownFileType = sourcecode.c.objc; path = SSCCategoriesTableViewController.m; sourceTree = "<group>"; };
		450740991C181A51005EF4A6 /* SSCCategoryDetailsTableViewCell.h */ = {isa = PBXFileReference; fileEncoding = 4; lastKnownFileType = sourcecode.c.h; name = SSCCategoryDetailsTableViewCell.h; path = ../../View/SSCCategoryDetailsTableViewCell.h; sourceTree = "<group>"; };
		4507409A1C181A51005EF4A6 /* SSCCategoryDetailsTableViewCell.m */ = {isa = PBXFileReference; fileEncoding = 4; lastKnownFileType = sourcecode.c.objc; name = SSCCategoryDetailsTableViewCell.m; path = ../../View/SSCCategoryDetailsTableViewCell.m; sourceTree = "<group>"; };
		4507409B1C181A51005EF4A6 /* SSCCategoryDetailsTableViewCell.xib */ = {isa = PBXFileReference; fileEncoding = 4; lastKnownFileType = file.xib; name = SSCCategoryDetailsTableViewCell.xib; path = ../../View/SSCCategoryDetailsTableViewCell.xib; sourceTree = "<group>"; };
		4507409E1C181A51005EF4A6 /* SSCSongsTableViewController.h */ = {isa = PBXFileReference; fileEncoding = 4; lastKnownFileType = sourcecode.c.h; path = SSCSongsTableViewController.h; sourceTree = "<group>"; };
		4507409F1C181A51005EF4A6 /* SSCSongsTableViewController.m */ = {isa = PBXFileReference; fileEncoding = 4; lastKnownFileType = sourcecode.c.objc; path = SSCSongsTableViewController.m; sourceTree = "<group>"; };
		450740A91C181A75005EF4A6 /* SSCNetworkingManager.h */ = {isa = PBXFileReference; fileEncoding = 4; lastKnownFileType = sourcecode.c.h; path = SSCNetworkingManager.h; sourceTree = "<group>"; };
		450740AA1C181A75005EF4A6 /* SSCNetworkingManager.m */ = {isa = PBXFileReference; fileEncoding = 4; lastKnownFileType = sourcecode.c.objc; path = SSCNetworkingManager.m; sourceTree = "<group>"; };
		450740AC1C1821CE005EF4A6 /* SSCTrackModel.h */ = {isa = PBXFileReference; fileEncoding = 4; lastKnownFileType = sourcecode.c.h; name = SSCTrackModel.h; path = Model/SSCTrackModel.h; sourceTree = "<group>"; };
		450740AD1C1821CE005EF4A6 /* SSCTrackModel.m */ = {isa = PBXFileReference; fileEncoding = 4; lastKnownFileType = sourcecode.c.objc; name = SSCTrackModel.m; path = Model/SSCTrackModel.m; sourceTree = "<group>"; };
		450D7FE01C19516A0086EBC6 /* MKAnnotationView+WebCache.h */ = {isa = PBXFileReference; fileEncoding = 4; lastKnownFileType = sourcecode.c.h; path = "MKAnnotationView+WebCache.h"; sourceTree = "<group>"; };
		450D7FE11C19516A0086EBC6 /* MKAnnotationView+WebCache.m */ = {isa = PBXFileReference; fileEncoding = 4; lastKnownFileType = sourcecode.c.objc; path = "MKAnnotationView+WebCache.m"; sourceTree = "<group>"; };
		450D7FE21C19516A0086EBC6 /* NSData+ImageContentType.h */ = {isa = PBXFileReference; fileEncoding = 4; lastKnownFileType = sourcecode.c.h; path = "NSData+ImageContentType.h"; sourceTree = "<group>"; };
		450D7FE31C19516A0086EBC6 /* NSData+ImageContentType.m */ = {isa = PBXFileReference; fileEncoding = 4; lastKnownFileType = sourcecode.c.objc; path = "NSData+ImageContentType.m"; sourceTree = "<group>"; };
		450D7FE41C19516A0086EBC6 /* SDImageCache.h */ = {isa = PBXFileReference; fileEncoding = 4; lastKnownFileType = sourcecode.c.h; path = SDImageCache.h; sourceTree = "<group>"; };
		450D7FE51C19516A0086EBC6 /* SDImageCache.m */ = {isa = PBXFileReference; fileEncoding = 4; lastKnownFileType = sourcecode.c.objc; path = SDImageCache.m; sourceTree = "<group>"; };
		450D7FE61C19516A0086EBC6 /* SDWebImageCompat.h */ = {isa = PBXFileReference; fileEncoding = 4; lastKnownFileType = sourcecode.c.h; path = SDWebImageCompat.h; sourceTree = "<group>"; };
		450D7FE71C19516A0086EBC6 /* SDWebImageCompat.m */ = {isa = PBXFileReference; fileEncoding = 4; lastKnownFileType = sourcecode.c.objc; path = SDWebImageCompat.m; sourceTree = "<group>"; };
		450D7FE81C19516A0086EBC6 /* SDWebImageDecoder.h */ = {isa = PBXFileReference; fileEncoding = 4; lastKnownFileType = sourcecode.c.h; path = SDWebImageDecoder.h; sourceTree = "<group>"; };
		450D7FE91C19516A0086EBC6 /* SDWebImageDecoder.m */ = {isa = PBXFileReference; fileEncoding = 4; lastKnownFileType = sourcecode.c.objc; path = SDWebImageDecoder.m; sourceTree = "<group>"; };
		450D7FEA1C19516A0086EBC6 /* SDWebImageDownloader.h */ = {isa = PBXFileReference; fileEncoding = 4; lastKnownFileType = sourcecode.c.h; path = SDWebImageDownloader.h; sourceTree = "<group>"; };
		450D7FEB1C19516A0086EBC6 /* SDWebImageDownloader.m */ = {isa = PBXFileReference; fileEncoding = 4; lastKnownFileType = sourcecode.c.objc; path = SDWebImageDownloader.m; sourceTree = "<group>"; };
		450D7FEC1C19516A0086EBC6 /* SDWebImageDownloaderOperation.h */ = {isa = PBXFileReference; fileEncoding = 4; lastKnownFileType = sourcecode.c.h; path = SDWebImageDownloaderOperation.h; sourceTree = "<group>"; };
		450D7FED1C19516A0086EBC6 /* SDWebImageDownloaderOperation.m */ = {isa = PBXFileReference; fileEncoding = 4; lastKnownFileType = sourcecode.c.objc; path = SDWebImageDownloaderOperation.m; sourceTree = "<group>"; };
		450D7FEE1C19516A0086EBC6 /* SDWebImageManager.h */ = {isa = PBXFileReference; fileEncoding = 4; lastKnownFileType = sourcecode.c.h; path = SDWebImageManager.h; sourceTree = "<group>"; };
		450D7FEF1C19516A0086EBC6 /* SDWebImageManager.m */ = {isa = PBXFileReference; fileEncoding = 4; lastKnownFileType = sourcecode.c.objc; path = SDWebImageManager.m; sourceTree = "<group>"; };
		450D7FF01C19516A0086EBC6 /* SDWebImageOperation.h */ = {isa = PBXFileReference; fileEncoding = 4; lastKnownFileType = sourcecode.c.h; path = SDWebImageOperation.h; sourceTree = "<group>"; };
		450D7FF11C19516A0086EBC6 /* SDWebImagePrefetcher.h */ = {isa = PBXFileReference; fileEncoding = 4; lastKnownFileType = sourcecode.c.h; path = SDWebImagePrefetcher.h; sourceTree = "<group>"; };
		450D7FF21C19516A0086EBC6 /* SDWebImagePrefetcher.m */ = {isa = PBXFileReference; fileEncoding = 4; lastKnownFileType = sourcecode.c.objc; path = SDWebImagePrefetcher.m; sourceTree = "<group>"; };
		450D7FF31C19516A0086EBC6 /* UIButton+WebCache.h */ = {isa = PBXFileReference; fileEncoding = 4; lastKnownFileType = sourcecode.c.h; path = "UIButton+WebCache.h"; sourceTree = "<group>"; };
		450D7FF41C19516A0086EBC6 /* UIButton+WebCache.m */ = {isa = PBXFileReference; fileEncoding = 4; lastKnownFileType = sourcecode.c.objc; path = "UIButton+WebCache.m"; sourceTree = "<group>"; };
		450D7FF51C19516A0086EBC6 /* UIImage+GIF.h */ = {isa = PBXFileReference; fileEncoding = 4; lastKnownFileType = sourcecode.c.h; path = "UIImage+GIF.h"; sourceTree = "<group>"; };
		450D7FF61C19516A0086EBC6 /* UIImage+GIF.m */ = {isa = PBXFileReference; fileEncoding = 4; lastKnownFileType = sourcecode.c.objc; path = "UIImage+GIF.m"; sourceTree = "<group>"; };
		450D7FF71C19516A0086EBC6 /* UIImage+MultiFormat.h */ = {isa = PBXFileReference; fileEncoding = 4; lastKnownFileType = sourcecode.c.h; path = "UIImage+MultiFormat.h"; sourceTree = "<group>"; };
		450D7FF81C19516A0086EBC6 /* UIImage+MultiFormat.m */ = {isa = PBXFileReference; fileEncoding = 4; lastKnownFileType = sourcecode.c.objc; path = "UIImage+MultiFormat.m"; sourceTree = "<group>"; };
		450D7FF91C19516A0086EBC6 /* UIImage+WebP.h */ = {isa = PBXFileReference; fileEncoding = 4; lastKnownFileType = sourcecode.c.h; path = "UIImage+WebP.h"; sourceTree = "<group>"; };
		450D7FFA1C19516A0086EBC6 /* UIImage+WebP.m */ = {isa = PBXFileReference; fileEncoding = 4; lastKnownFileType = sourcecode.c.objc; path = "UIImage+WebP.m"; sourceTree = "<group>"; };
		450D7FFB1C19516A0086EBC6 /* UIImageView+HighlightedWebCache.h */ = {isa = PBXFileReference; fileEncoding = 4; lastKnownFileType = sourcecode.c.h; path = "UIImageView+HighlightedWebCache.h"; sourceTree = "<group>"; };
		450D7FFC1C19516A0086EBC6 /* UIImageView+HighlightedWebCache.m */ = {isa = PBXFileReference; fileEncoding = 4; lastKnownFileType = sourcecode.c.objc; path = "UIImageView+HighlightedWebCache.m"; sourceTree = "<group>"; };
		450D7FFD1C19516A0086EBC6 /* UIImageView+WebCache.h */ = {isa = PBXFileReference; fileEncoding = 4; lastKnownFileType = sourcecode.c.h; path = "UIImageView+WebCache.h"; sourceTree = "<group>"; };
		450D7FFE1C19516A0086EBC6 /* UIImageView+WebCache.m */ = {isa = PBXFileReference; fileEncoding = 4; lastKnownFileType = sourcecode.c.objc; path = "UIImageView+WebCache.m"; sourceTree = "<group>"; };
		450D7FFF1C19516A0086EBC6 /* UIView+WebCacheOperation.h */ = {isa = PBXFileReference; fileEncoding = 4; lastKnownFileType = sourcecode.c.h; path = "UIView+WebCacheOperation.h"; sourceTree = "<group>"; };
		450D80001C19516A0086EBC6 /* UIView+WebCacheOperation.m */ = {isa = PBXFileReference; fileEncoding = 4; lastKnownFileType = sourcecode.c.objc; path = "UIView+WebCacheOperation.m"; sourceTree = "<group>"; };
		4553C6741C1FEE1800E70942 /* SVPullToRefresh.h */ = {isa = PBXFileReference; fileEncoding = 4; lastKnownFileType = sourcecode.c.h; path = SVPullToRefresh.h; sourceTree = "<group>"; };
		4553C6751C1FEE1800E70942 /* UIScrollView+SVInfiniteScrolling.h */ = {isa = PBXFileReference; fileEncoding = 4; lastKnownFileType = sourcecode.c.h; path = "UIScrollView+SVInfiniteScrolling.h"; sourceTree = "<group>"; };
		4553C6761C1FEE1800E70942 /* UIScrollView+SVInfiniteScrolling.m */ = {isa = PBXFileReference; fileEncoding = 4; lastKnownFileType = sourcecode.c.objc; path = "UIScrollView+SVInfiniteScrolling.m"; sourceTree = "<group>"; };
		4553C6771C1FEE1800E70942 /* UIScrollView+SVPullToRefresh.h */ = {isa = PBXFileReference; fileEncoding = 4; lastKnownFileType = sourcecode.c.h; path = "UIScrollView+SVPullToRefresh.h"; sourceTree = "<group>"; };
		4553C6781C1FEE1800E70942 /* UIScrollView+SVPullToRefresh.m */ = {isa = PBXFileReference; fileEncoding = 4; lastKnownFileType = sourcecode.c.objc; path = "UIScrollView+SVPullToRefresh.m"; sourceTree = "<group>"; };
		45701DE31C15725500F5E9AE /* SimpleSoundCloud.app */ = {isa = PBXFileReference; explicitFileType = wrapper.application; includeInIndex = 0; path = SimpleSoundCloud.app; sourceTree = BUILT_PRODUCTS_DIR; };
		45701DE71C15725500F5E9AE /* main.m */ = {isa = PBXFileReference; lastKnownFileType = sourcecode.c.objc; path = main.m; sourceTree = "<group>"; };
		45701DE91C15725500F5E9AE /* AppDelegate.h */ = {isa = PBXFileReference; lastKnownFileType = sourcecode.c.h; path = AppDelegate.h; sourceTree = "<group>"; };
		45701DEA1C15725500F5E9AE /* AppDelegate.m */ = {isa = PBXFileReference; lastKnownFileType = sourcecode.c.objc; path = AppDelegate.m; sourceTree = "<group>"; };
		45701DF31C15725500F5E9AE /* Base */ = {isa = PBXFileReference; lastKnownFileType = file.storyboard; name = Base; path = Base.lproj/Main.storyboard; sourceTree = "<group>"; };
		45701DF51C15725500F5E9AE /* Assets.xcassets */ = {isa = PBXFileReference; lastKnownFileType = folder.assetcatalog; path = Assets.xcassets; sourceTree = "<group>"; };
		45701DF81C15725500F5E9AE /* Base */ = {isa = PBXFileReference; lastKnownFileType = file.storyboard; name = Base; path = Base.lproj/LaunchScreen.storyboard; sourceTree = "<group>"; };
		45701DFA1C15725500F5E9AE /* Info.plist */ = {isa = PBXFileReference; lastKnownFileType = text.plist.xml; path = Info.plist; sourceTree = "<group>"; };
		45792FCA1C211A58003A4BDD /* icon_tab_search.png */ = {isa = PBXFileReference; lastKnownFileType = image.png; path = icon_tab_search.png; sourceTree = "<group>"; };
		45792FCB1C211A58003A4BDD /* icon_tab_search@2x.png */ = {isa = PBXFileReference; lastKnownFileType = image.png; path = "icon_tab_search@2x.png"; sourceTree = "<group>"; };
		45792FCC1C211A58003A4BDD /* icon_tab_search@3x.png */ = {isa = PBXFileReference; lastKnownFileType = image.png; path = "icon_tab_search@3x.png"; sourceTree = "<group>"; };
		457942581C211B9E003A4BDD /* SSCSearchViewController.h */ = {isa = PBXFileReference; fileEncoding = 4; lastKnownFileType = sourcecode.c.h; path = SSCSearchViewController.h; sourceTree = "<group>"; };
		457942591C211B9E003A4BDD /* SSCSearchViewController.m */ = {isa = PBXFileReference; fileEncoding = 4; lastKnownFileType = sourcecode.c.objc; path = SSCSearchViewController.m; sourceTree = "<group>"; };
		45E239531C1A6C65009317B7 /* libsqlite3.tbd */ = {isa = PBXFileReference; lastKnownFileType = "sourcecode.text-based-dylib-definition"; name = libsqlite3.tbd; path = usr/lib/libsqlite3.tbd; sourceTree = SDKROOT; };
		45E239671C1A6D7F009317B7 /* FMDatabase.h */ = {isa = PBXFileReference; fileEncoding = 4; lastKnownFileType = sourcecode.c.h; path = FMDatabase.h; sourceTree = "<group>"; };
		45E239681C1A6D7F009317B7 /* FMDatabase.m */ = {isa = PBXFileReference; fileEncoding = 4; lastKnownFileType = sourcecode.c.objc; path = FMDatabase.m; sourceTree = "<group>"; };
		45E239691C1A6D7F009317B7 /* FMDatabaseAdditions.h */ = {isa = PBXFileReference; fileEncoding = 4; lastKnownFileType = sourcecode.c.h; path = FMDatabaseAdditions.h; sourceTree = "<group>"; };
		45E2396A1C1A6D7F009317B7 /* FMDatabaseAdditions.m */ = {isa = PBXFileReference; fileEncoding = 4; lastKnownFileType = sourcecode.c.objc; path = FMDatabaseAdditions.m; sourceTree = "<group>"; };
		45E2396B1C1A6D7F009317B7 /* FMDatabasePool.h */ = {isa = PBXFileReference; fileEncoding = 4; lastKnownFileType = sourcecode.c.h; path = FMDatabasePool.h; sourceTree = "<group>"; };
		45E2396C1C1A6D7F009317B7 /* FMDatabasePool.m */ = {isa = PBXFileReference; fileEncoding = 4; lastKnownFileType = sourcecode.c.objc; path = FMDatabasePool.m; sourceTree = "<group>"; };
		45E2396D1C1A6D7F009317B7 /* FMDatabaseQueue.h */ = {isa = PBXFileReference; fileEncoding = 4; lastKnownFileType = sourcecode.c.h; path = FMDatabaseQueue.h; sourceTree = "<group>"; };
		45E2396E1C1A6D7F009317B7 /* FMDatabaseQueue.m */ = {isa = PBXFileReference; fileEncoding = 4; lastKnownFileType = sourcecode.c.objc; path = FMDatabaseQueue.m; sourceTree = "<group>"; };
		45E2396F1C1A6D7F009317B7 /* FMDB.h */ = {isa = PBXFileReference; fileEncoding = 4; lastKnownFileType = sourcecode.c.h; path = FMDB.h; sourceTree = "<group>"; };
		45E239701C1A6D7F009317B7 /* FMResultSet.h */ = {isa = PBXFileReference; fileEncoding = 4; lastKnownFileType = sourcecode.c.h; path = FMResultSet.h; sourceTree = "<group>"; };
		45E239711C1A6D7F009317B7 /* FMResultSet.m */ = {isa = PBXFileReference; fileEncoding = 4; lastKnownFileType = sourcecode.c.objc; path = FMResultSet.m; sourceTree = "<group>"; };
		45E239771C1A6DAD009317B7 /* SSCDatabaseManager.h */ = {isa = PBXFileReference; fileEncoding = 4; lastKnownFileType = sourcecode.c.h; path = SSCDatabaseManager.h; sourceTree = "<group>"; };
		45E239781C1A6DAD009317B7 /* SSCDatabaseManager.m */ = {isa = PBXFileReference; fileEncoding = 4; lastKnownFileType = sourcecode.c.objc; path = SSCDatabaseManager.m; sourceTree = "<group>"; };
		45E2397B1C1A8278009317B7 /* SVIndefiniteAnimatedView.h */ = {isa = PBXFileReference; fileEncoding = 4; lastKnownFileType = sourcecode.c.h; path = SVIndefiniteAnimatedView.h; sourceTree = "<group>"; };
		45E2397C1C1A8278009317B7 /* SVIndefiniteAnimatedView.m */ = {isa = PBXFileReference; fileEncoding = 4; lastKnownFileType = sourcecode.c.objc; path = SVIndefiniteAnimatedView.m; sourceTree = "<group>"; };
		45E2397D1C1A8278009317B7 /* SVProgressHUD-Prefix.pch */ = {isa = PBXFileReference; fileEncoding = 4; lastKnownFileType = sourcecode.c.h; path = "SVProgressHUD-Prefix.pch"; sourceTree = "<group>"; };
		45E2397E1C1A8278009317B7 /* SVProgressHUD.bundle */ = {isa = PBXFileReference; lastKnownFileType = "wrapper.plug-in"; path = SVProgressHUD.bundle; sourceTree = "<group>"; };
		45E2397F1C1A8278009317B7 /* SVProgressHUD.h */ = {isa = PBXFileReference; fileEncoding = 4; lastKnownFileType = sourcecode.c.h; path = SVProgressHUD.h; sourceTree = "<group>"; };
		45E239801C1A8278009317B7 /* SVProgressHUD.m */ = {isa = PBXFileReference; fileEncoding = 4; lastKnownFileType = sourcecode.c.objc; path = SVProgressHUD.m; sourceTree = "<group>"; };
		45E239811C1A8278009317B7 /* SVRadialGradientLayer.h */ = {isa = PBXFileReference; fileEncoding = 4; lastKnownFileType = sourcecode.c.h; path = SVRadialGradientLayer.h; sourceTree = "<group>"; };
		45E239821C1A8278009317B7 /* SVRadialGradientLayer.m */ = {isa = PBXFileReference; fileEncoding = 4; lastKnownFileType = sourcecode.c.objc; path = SVRadialGradientLayer.m; sourceTree = "<group>"; };
		45E239871C1A853A009317B7 /* QuartzCore.framework */ = {isa = PBXFileReference; lastKnownFileType = wrapper.framework; name = QuartzCore.framework; path = System/Library/Frameworks/QuartzCore.framework; sourceTree = SDKROOT; };
		45F554A91C23EEB4001A60D8 /* NSString+Encoding.h */ = {isa = PBXFileReference; fileEncoding = 4; lastKnownFileType = sourcecode.c.h; path = "NSString+Encoding.h"; sourceTree = "<group>"; };
		45F554AA1C23EEB4001A60D8 /* NSString+Encoding.m */ = {isa = PBXFileReference; fileEncoding = 4; lastKnownFileType = sourcecode.c.objc; path = "NSString+Encoding.m"; sourceTree = "<group>"; };
/* End PBXFileReference section */

/* Begin PBXFrameworksBuildPhase section */
		45701DE01C15725500F5E9AE /* Frameworks */ = {
			isa = PBXFrameworksBuildPhase;
			buildActionMask = 2147483647;
			files = (
				45E239881C1A853A009317B7 /* QuartzCore.framework in Frameworks */,
				45E239541C1A6C65009317B7 /* libsqlite3.tbd in Frameworks */,
			);
			runOnlyForDeploymentPostprocessing = 0;
		};
/* End PBXFrameworksBuildPhase section */

/* Begin PBXGroup section */
		450740691C18138E005EF4A6 /* Common */ = {
			isa = PBXGroup;
			children = (
				45F554A51C23EE46001A60D8 /* NSString+Encoding */,
				450740A71C181A75005EF4A6 /* Database */,
				450740A81C181A75005EF4A6 /* Networking */,
			);
			path = Common;
			sourceTree = "<group>";
		};
		4507406A1C1813B4005EF4A6 /* Resources */ = {
			isa = PBXGroup;
			children = (
				4507406D1C181936005EF4A6 /* Images */,
			);
			name = Resources;
			path = Common/Resources;
			sourceTree = "<group>";
		};
		4507406B1C1813DD005EF4A6 /* Thirdparty */ = {
			isa = PBXGroup;
			children = (
				4553C6731C1FEE1800E70942 /* SVPullToRefresh */,
				45E2397A1C1A8278009317B7 /* SVProgressHUD */,
				45E239661C1A6D7F009317B7 /* FMDB */,
				450D7FDF1C19516A0086EBC6 /* SDWebImage */,
			);
			path = Thirdparty;
			sourceTree = "<group>";
		};
		4507406D1C181936005EF4A6 /* Images */ = {
			isa = PBXGroup;
			children = (
				45792FCA1C211A58003A4BDD /* icon_tab_search.png */,
				45792FCB1C211A58003A4BDD /* icon_tab_search@2x.png */,
				45792FCC1C211A58003A4BDD /* icon_tab_search@3x.png */,
				4507406E1C181936005EF4A6 /* icon_artwork_default.png */,
				4507406F1C181936005EF4A6 /* icon_artwork_default@2x.png */,
				450740701C181936005EF4A6 /* icon_artwork_default@3x.png */,
				450740711C181936005EF4A6 /* icon_check.png */,
				450740721C181936005EF4A6 /* icon_check@2x.png */,
				450740731C181936005EF4A6 /* icon_check@3x.png */,
				450740741C181936005EF4A6 /* icon_plus.png */,
				450740751C181936005EF4A6 /* icon_plus@2x.png */,
				450740761C181936005EF4A6 /* icon_plus@3x.png */,
				450740771C181936005EF4A6 /* icon_tab_genres.png */,
				450740781C181936005EF4A6 /* icon_tab_genres@2x.png */,
				450740791C181936005EF4A6 /* icon_tab_genres@3x.png */,
				4507407A1C181936005EF4A6 /* icon_tab_song.png */,
				4507407B1C181936005EF4A6 /* icon_tab_song@2x.png */,
				4507407C1C181936005EF4A6 /* icon_tab_song@3x.png */,
			);
			name = Images;
			path = SimpleSoundCloud/Resources/Images;
			sourceTree = SOURCE_ROOT;
		};
		4507408C1C181A51005EF4A6 /* Screens */ = {
			isa = PBXGroup;
			children = (
				4507408D1C181A51005EF4A6 /* Categories */,
				457942561C211B9E003A4BDD /* Searching */,
				4507409C1C181A51005EF4A6 /* Songs */,
			);
			path = Screens;
			sourceTree = "<group>";
		};
		4507408D1C181A51005EF4A6 /* Categories */ = {
			isa = PBXGroup;
			children = (
				4507408E1C181A51005EF4A6 /* CategoryDetails */,
				450740941C181A51005EF4A6 /* Controller */,
				450740971C181A51005EF4A6 /* Model */,
				450740981C181A51005EF4A6 /* View */,
			);
			path = Categories;
			sourceTree = "<group>";
		};
		4507408E1C181A51005EF4A6 /* CategoryDetails */ = {
			isa = PBXGroup;
			children = (
				4507408F1C181A51005EF4A6 /* Controller */,
				450740921C181A51005EF4A6 /* Model */,
				450740931C181A51005EF4A6 /* View */,
			);
			path = CategoryDetails;
			sourceTree = "<group>";
		};
		4507408F1C181A51005EF4A6 /* Controller */ = {
			isa = PBXGroup;
			children = (
				450740901C181A51005EF4A6 /* SSCCategoryDetailsTableViewController.h */,
				450740911C181A51005EF4A6 /* SSCCategoryDetailsTableViewController.m */,
			);
			path = Controller;
			sourceTree = "<group>";
		};
		450740921C181A51005EF4A6 /* Model */ = {
			isa = PBXGroup;
			children = (
			);
			path = Model;
			sourceTree = "<group>";
		};
		450740931C181A51005EF4A6 /* View */ = {
			isa = PBXGroup;
			children = (
				450740991C181A51005EF4A6 /* SSCCategoryDetailsTableViewCell.h */,
				4507409A1C181A51005EF4A6 /* SSCCategoryDetailsTableViewCell.m */,
				4507409B1C181A51005EF4A6 /* SSCCategoryDetailsTableViewCell.xib */,
			);
			path = View;
			sourceTree = "<group>";
		};
		450740941C181A51005EF4A6 /* Controller */ = {
			isa = PBXGroup;
			children = (
				450740951C181A51005EF4A6 /* SSCCategoriesTableViewController.h */,
				450740961C181A51005EF4A6 /* SSCCategoriesTableViewController.m */,
			);
			path = Controller;
			sourceTree = "<group>";
		};
		450740971C181A51005EF4A6 /* Model */ = {
			isa = PBXGroup;
			children = (
			);
			path = Model;
			sourceTree = "<group>";
		};
		450740981C181A51005EF4A6 /* View */ = {
			isa = PBXGroup;
			children = (
			);
			path = View;
			sourceTree = "<group>";
		};
		4507409C1C181A51005EF4A6 /* Songs */ = {
			isa = PBXGroup;
			children = (
				4507409D1C181A51005EF4A6 /* Controller */,
				450740A01C181A51005EF4A6 /* Model */,
				450740A11C181A51005EF4A6 /* View */,
			);
			path = Songs;
			sourceTree = "<group>";
		};
		4507409D1C181A51005EF4A6 /* Controller */ = {
			isa = PBXGroup;
			children = (
				4507409E1C181A51005EF4A6 /* SSCSongsTableViewController.h */,
				4507409F1C181A51005EF4A6 /* SSCSongsTableViewController.m */,
			);
			path = Controller;
			sourceTree = "<group>";
		};
		450740A01C181A51005EF4A6 /* Model */ = {
			isa = PBXGroup;
			children = (
			);
			path = Model;
			sourceTree = "<group>";
		};
		450740A11C181A51005EF4A6 /* View */ = {
			isa = PBXGroup;
			children = (
			);
			path = View;
			sourceTree = "<group>";
		};
		450740A71C181A75005EF4A6 /* Database */ = {
			isa = PBXGroup;
			children = (
				45E239771C1A6DAD009317B7 /* SSCDatabaseManager.h */,
				45E239781C1A6DAD009317B7 /* SSCDatabaseManager.m */,
			);
			path = Database;
			sourceTree = "<group>";
		};
		450740A81C181A75005EF4A6 /* Networking */ = {
			isa = PBXGroup;
			children = (
				450740A91C181A75005EF4A6 /* SSCNetworkingManager.h */,
				450740AA1C181A75005EF4A6 /* SSCNetworkingManager.m */,
				450740AF1C1821D3005EF4A6 /* TrackModel */,
			);
			path = Networking;
			sourceTree = "<group>";
		};
		450740AF1C1821D3005EF4A6 /* TrackModel */ = {
			isa = PBXGroup;
			children = (
				450740AC1C1821CE005EF4A6 /* SSCTrackModel.h */,
				450740AD1C1821CE005EF4A6 /* SSCTrackModel.m */,
			);
			name = TrackModel;
			sourceTree = "<group>";
		};
		450D7FDF1C19516A0086EBC6 /* SDWebImage */ = {
			isa = PBXGroup;
			children = (
				450D7FE01C19516A0086EBC6 /* MKAnnotationView+WebCache.h */,
				450D7FE11C19516A0086EBC6 /* MKAnnotationView+WebCache.m */,
				450D7FE21C19516A0086EBC6 /* NSData+ImageContentType.h */,
				450D7FE31C19516A0086EBC6 /* NSData+ImageContentType.m */,
				450D7FE41C19516A0086EBC6 /* SDImageCache.h */,
				450D7FE51C19516A0086EBC6 /* SDImageCache.m */,
				450D7FE61C19516A0086EBC6 /* SDWebImageCompat.h */,
				450D7FE71C19516A0086EBC6 /* SDWebImageCompat.m */,
				450D7FE81C19516A0086EBC6 /* SDWebImageDecoder.h */,
				450D7FE91C19516A0086EBC6 /* SDWebImageDecoder.m */,
				450D7FEA1C19516A0086EBC6 /* SDWebImageDownloader.h */,
				450D7FEB1C19516A0086EBC6 /* SDWebImageDownloader.m */,
				450D7FEC1C19516A0086EBC6 /* SDWebImageDownloaderOperation.h */,
				450D7FED1C19516A0086EBC6 /* SDWebImageDownloaderOperation.m */,
				450D7FEE1C19516A0086EBC6 /* SDWebImageManager.h */,
				450D7FEF1C19516A0086EBC6 /* SDWebImageManager.m */,
				450D7FF01C19516A0086EBC6 /* SDWebImageOperation.h */,
				450D7FF11C19516A0086EBC6 /* SDWebImagePrefetcher.h */,
				450D7FF21C19516A0086EBC6 /* SDWebImagePrefetcher.m */,
				450D7FF31C19516A0086EBC6 /* UIButton+WebCache.h */,
				450D7FF41C19516A0086EBC6 /* UIButton+WebCache.m */,
				450D7FF51C19516A0086EBC6 /* UIImage+GIF.h */,
				450D7FF61C19516A0086EBC6 /* UIImage+GIF.m */,
				450D7FF71C19516A0086EBC6 /* UIImage+MultiFormat.h */,
				450D7FF81C19516A0086EBC6 /* UIImage+MultiFormat.m */,
				450D7FF91C19516A0086EBC6 /* UIImage+WebP.h */,
				450D7FFA1C19516A0086EBC6 /* UIImage+WebP.m */,
				450D7FFB1C19516A0086EBC6 /* UIImageView+HighlightedWebCache.h */,
				450D7FFC1C19516A0086EBC6 /* UIImageView+HighlightedWebCache.m */,
				450D7FFD1C19516A0086EBC6 /* UIImageView+WebCache.h */,
				450D7FFE1C19516A0086EBC6 /* UIImageView+WebCache.m */,
				450D7FFF1C19516A0086EBC6 /* UIView+WebCacheOperation.h */,
				450D80001C19516A0086EBC6 /* UIView+WebCacheOperation.m */,
			);
			path = SDWebImage;
			sourceTree = "<group>";
		};
		4553C6731C1FEE1800E70942 /* SVPullToRefresh */ = {
			isa = PBXGroup;
			children = (
				4553C6741C1FEE1800E70942 /* SVPullToRefresh.h */,
				4553C6751C1FEE1800E70942 /* UIScrollView+SVInfiniteScrolling.h */,
				4553C6761C1FEE1800E70942 /* UIScrollView+SVInfiniteScrolling.m */,
				4553C6771C1FEE1800E70942 /* UIScrollView+SVPullToRefresh.h */,
				4553C6781C1FEE1800E70942 /* UIScrollView+SVPullToRefresh.m */,
			);
			path = SVPullToRefresh;
			sourceTree = "<group>";
		};
		45701DDA1C15725500F5E9AE = {
			isa = PBXGroup;
			children = (
				45E239871C1A853A009317B7 /* QuartzCore.framework */,
				45E239531C1A6C65009317B7 /* libsqlite3.tbd */,
				45701DE51C15725500F5E9AE /* SimpleSoundCloud */,
				45701DE41C15725500F5E9AE /* Products */,
			);
			sourceTree = "<group>";
		};
		45701DE41C15725500F5E9AE /* Products */ = {
			isa = PBXGroup;
			children = (
				45701DE31C15725500F5E9AE /* SimpleSoundCloud.app */,
			);
			name = Products;
			sourceTree = "<group>";
		};
		45701DE51C15725500F5E9AE /* SimpleSoundCloud */ = {
			isa = PBXGroup;
			children = (
				4507406B1C1813DD005EF4A6 /* Thirdparty */,
				450740691C18138E005EF4A6 /* Common */,
				4507408C1C181A51005EF4A6 /* Screens */,
				4507406A1C1813B4005EF4A6 /* Resources */,
				45701DE91C15725500F5E9AE /* AppDelegate.h */,
				45701DEA1C15725500F5E9AE /* AppDelegate.m */,
				45701DF21C15725500F5E9AE /* Main.storyboard */,
				45701DF51C15725500F5E9AE /* Assets.xcassets */,
				45701DF71C15725500F5E9AE /* LaunchScreen.storyboard */,
				45701DFA1C15725500F5E9AE /* Info.plist */,
				45701DE61C15725500F5E9AE /* Supporting Files */,
			);
			path = SimpleSoundCloud;
			sourceTree = "<group>";
		};
		45701DE61C15725500F5E9AE /* Supporting Files */ = {
			isa = PBXGroup;
			children = (
				45701DE71C15725500F5E9AE /* main.m */,
			);
			name = "Supporting Files";
			sourceTree = "<group>";
		};
		457942561C211B9E003A4BDD /* Searching */ = {
			isa = PBXGroup;
			children = (
				457942571C211B9E003A4BDD /* Controller */,
				4579425A1C211B9E003A4BDD /* Model */,
				4579425B1C211B9E003A4BDD /* View */,
			);
			path = Searching;
			sourceTree = "<group>";
		};
		457942571C211B9E003A4BDD /* Controller */ = {
			isa = PBXGroup;
			children = (
				457942581C211B9E003A4BDD /* SSCSearchViewController.h */,
				457942591C211B9E003A4BDD /* SSCSearchViewController.m */,
			);
			path = Controller;
			sourceTree = "<group>";
		};
		4579425A1C211B9E003A4BDD /* Model */ = {
			isa = PBXGroup;
			children = (
			);
			path = Model;
			sourceTree = "<group>";
		};
		4579425B1C211B9E003A4BDD /* View */ = {
			isa = PBXGroup;
			children = (
			);
			path = View;
			sourceTree = "<group>";
		};
		45E239661C1A6D7F009317B7 /* FMDB */ = {
			isa = PBXGroup;
			children = (
				45E239671C1A6D7F009317B7 /* FMDatabase.h */,
				45E239681C1A6D7F009317B7 /* FMDatabase.m */,
				45E239691C1A6D7F009317B7 /* FMDatabaseAdditions.h */,
				45E2396A1C1A6D7F009317B7 /* FMDatabaseAdditions.m */,
				45E2396B1C1A6D7F009317B7 /* FMDatabasePool.h */,
				45E2396C1C1A6D7F009317B7 /* FMDatabasePool.m */,
				45E2396D1C1A6D7F009317B7 /* FMDatabaseQueue.h */,
				45E2396E1C1A6D7F009317B7 /* FMDatabaseQueue.m */,
				45E2396F1C1A6D7F009317B7 /* FMDB.h */,
				45E239701C1A6D7F009317B7 /* FMResultSet.h */,
				45E239711C1A6D7F009317B7 /* FMResultSet.m */,
			);
			path = FMDB;
			sourceTree = "<group>";
		};
		45E2397A1C1A8278009317B7 /* SVProgressHUD */ = {
			isa = PBXGroup;
			children = (
				45E2397B1C1A8278009317B7 /* SVIndefiniteAnimatedView.h */,
				45E2397C1C1A8278009317B7 /* SVIndefiniteAnimatedView.m */,
				45E2397D1C1A8278009317B7 /* SVProgressHUD-Prefix.pch */,
				45E2397E1C1A8278009317B7 /* SVProgressHUD.bundle */,
				45E2397F1C1A8278009317B7 /* SVProgressHUD.h */,
				45E239801C1A8278009317B7 /* SVProgressHUD.m */,
				45E239811C1A8278009317B7 /* SVRadialGradientLayer.h */,
				45E239821C1A8278009317B7 /* SVRadialGradientLayer.m */,
			);
			path = SVProgressHUD;
			sourceTree = "<group>";
		};
		45F554A51C23EE46001A60D8 /* NSString+Encoding */ = {
			isa = PBXGroup;
			children = (
				45F554A91C23EEB4001A60D8 /* NSString+Encoding.h */,
				45F554AA1C23EEB4001A60D8 /* NSString+Encoding.m */,
			);
			path = "NSString+Encoding";
			sourceTree = "<group>";
		};
/* End PBXGroup section */

/* Begin PBXNativeTarget section */
		45701DE21C15725500F5E9AE /* SimpleSoundCloud */ = {
			isa = PBXNativeTarget;
			buildConfigurationList = 45701DFD1C15725500F5E9AE /* Build configuration list for PBXNativeTarget "SimpleSoundCloud" */;
			buildPhases = (
				45701DDF1C15725500F5E9AE /* Sources */,
				45701DE01C15725500F5E9AE /* Frameworks */,
				45701DE11C15725500F5E9AE /* Resources */,
			);
			buildRules = (
			);
			dependencies = (
			);
			name = SimpleSoundCloud;
			productName = SimpleSoundCloud;
			productReference = 45701DE31C15725500F5E9AE /* SimpleSoundCloud.app */;
			productType = "com.apple.product-type.application";
		};
/* End PBXNativeTarget section */

/* Begin PBXProject section */
		45701DDB1C15725500F5E9AE /* Project object */ = {
			isa = PBXProject;
			attributes = {
				LastUpgradeCheck = 0700;
				ORGANIZATIONNAME = "Nguyen Van Anh Tuan";
				TargetAttributes = {
					45701DE21C15725500F5E9AE = {
						CreatedOnToolsVersion = 7.0.1;
					};
				};
			};
			buildConfigurationList = 45701DDE1C15725500F5E9AE /* Build configuration list for PBXProject "SimpleSoundCloud" */;
			compatibilityVersion = "Xcode 3.2";
			developmentRegion = English;
			hasScannedForEncodings = 0;
			knownRegions = (
				en,
				Base,
			);
			mainGroup = 45701DDA1C15725500F5E9AE;
			productRefGroup = 45701DE41C15725500F5E9AE /* Products */;
			projectDirPath = "";
			projectRoot = "";
			targets = (
				45701DE21C15725500F5E9AE /* SimpleSoundCloud */,
			);
		};
/* End PBXProject section */

/* Begin PBXResourcesBuildPhase section */
		45701DE11C15725500F5E9AE /* Resources */ = {
			isa = PBXResourcesBuildPhase;
			buildActionMask = 2147483647;
			files = (
				45701DF91C15725500F5E9AE /* LaunchScreen.storyboard in Resources */,
				4507407F1C181936005EF4A6 /* icon_artwork_default@3x.png in Resources */,
				4507407D1C181936005EF4A6 /* icon_artwork_default.png in Resources */,
				4507407E1C181936005EF4A6 /* icon_artwork_default@2x.png in Resources */,
				45701DF61C15725500F5E9AE /* Assets.xcassets in Resources */,
				450740811C181936005EF4A6 /* icon_check@2x.png in Resources */,
				450740881C181936005EF4A6 /* icon_tab_genres@3x.png in Resources */,
				450740A51C181A51005EF4A6 /* SSCCategoryDetailsTableViewCell.xib in Resources */,
				45701DF41C15725500F5E9AE /* Main.storyboard in Resources */,
				45792FCE1C211A58003A4BDD /* icon_tab_search@2x.png in Resources */,
				45792FCF1C211A58003A4BDD /* icon_tab_search@3x.png in Resources */,
				450740871C181936005EF4A6 /* icon_tab_genres@2x.png in Resources */,
				450740891C181936005EF4A6 /* icon_tab_song.png in Resources */,
				450740861C181936005EF4A6 /* icon_tab_genres.png in Resources */,
				450740851C181936005EF4A6 /* icon_plus@3x.png in Resources */,
				450740801C181936005EF4A6 /* icon_check.png in Resources */,
				4507408A1C181936005EF4A6 /* icon_tab_song@2x.png in Resources */,
				45E239841C1A8278009317B7 /* SVProgressHUD.bundle in Resources */,
				4507408B1C181936005EF4A6 /* icon_tab_song@3x.png in Resources */,
				45792FCD1C211A58003A4BDD /* icon_tab_search.png in Resources */,
				450740841C181936005EF4A6 /* icon_plus@2x.png in Resources */,
				450740831C181936005EF4A6 /* icon_plus.png in Resources */,
				450740821C181936005EF4A6 /* icon_check@3x.png in Resources */,
			);
			runOnlyForDeploymentPostprocessing = 0;
		};
/* End PBXResourcesBuildPhase section */

/* Begin PBXSourcesBuildPhase section */
		45701DDF1C15725500F5E9AE /* Sources */ = {
			isa = PBXSourcesBuildPhase;
			buildActionMask = 2147483647;
			files = (
				450D80051C19516A0086EBC6 /* SDWebImageDecoder.m in Sources */,
				450D80081C19516A0086EBC6 /* SDWebImageManager.m in Sources */,
				450D80021C19516A0086EBC6 /* NSData+ImageContentType.m in Sources */,
				450D80041C19516A0086EBC6 /* SDWebImageCompat.m in Sources */,
				450D80101C19516A0086EBC6 /* UIView+WebCacheOperation.m in Sources */,
				450D800D1C19516A0086EBC6 /* UIImage+WebP.m in Sources */,
				450740A61C181A51005EF4A6 /* SSCSongsTableViewController.m in Sources */,
				450D800E1C19516A0086EBC6 /* UIImageView+HighlightedWebCache.m in Sources */,
				450740AB1C181A75005EF4A6 /* SSCNetworkingManager.m in Sources */,
				45E239851C1A8278009317B7 /* SVProgressHUD.m in Sources */,
				4579425C1C211B9E003A4BDD /* SSCSearchViewController.m in Sources */,
				45E239861C1A8278009317B7 /* SVRadialGradientLayer.m in Sources */,
				45701DEB1C15725500F5E9AE /* AppDelegate.m in Sources */,
				450D800A1C19516A0086EBC6 /* UIButton+WebCache.m in Sources */,
				45E239831C1A8278009317B7 /* SVIndefiniteAnimatedView.m in Sources */,
				450D80091C19516A0086EBC6 /* SDWebImagePrefetcher.m in Sources */,
				450D80071C19516A0086EBC6 /* SDWebImageDownloaderOperation.m in Sources */,
				4553C6791C1FEE1800E70942 /* UIScrollView+SVInfiniteScrolling.m in Sources */,
				45E239741C1A6D7F009317B7 /* FMDatabasePool.m in Sources */,
				45E239721C1A6D7F009317B7 /* FMDatabase.m in Sources */,
				450740A21C181A51005EF4A6 /* SSCCategoryDetailsTableViewController.m in Sources */,
				450740A41C181A51005EF4A6 /* SSCCategoryDetailsTableViewCell.m in Sources */,
				45E239751C1A6D7F009317B7 /* FMDatabaseQueue.m in Sources */,
				45E239761C1A6D7F009317B7 /* FMResultSet.m in Sources */,
				450D800C1C19516A0086EBC6 /* UIImage+MultiFormat.m in Sources */,
				4553C67A1C1FEE1800E70942 /* UIScrollView+SVPullToRefresh.m in Sources */,
				450740AE1C1821CE005EF4A6 /* SSCTrackModel.m in Sources */,
				450D80031C19516A0086EBC6 /* SDImageCache.m in Sources */,
				45701DE81C15725500F5E9AE /* main.m in Sources */,
				450740A31C181A51005EF4A6 /* SSCCategoriesTableViewController.m in Sources */,
				45E239731C1A6D7F009317B7 /* FMDatabaseAdditions.m in Sources */,
				45F554AB1C23EEB4001A60D8 /* NSString+Encoding.m in Sources */,
				450D800B1C19516A0086EBC6 /* UIImage+GIF.m in Sources */,
				450D80061C19516A0086EBC6 /* SDWebImageDownloader.m in Sources */,
				450D800F1C19516A0086EBC6 /* UIImageView+WebCache.m in Sources */,
				45E239791C1A6DAD009317B7 /* SSCDatabaseManager.m in Sources */,
				450D80011C19516A0086EBC6 /* MKAnnotationView+WebCache.m in Sources */,
			);
			runOnlyForDeploymentPostprocessing = 0;
		};
/* End PBXSourcesBuildPhase section */

/* Begin PBXVariantGroup section */
		45701DF21C15725500F5E9AE /* Main.storyboard */ = {
			isa = PBXVariantGroup;
			children = (
				45701DF31C15725500F5E9AE /* Base */,
			);
			name = Main.storyboard;
			sourceTree = "<group>";
		};
		45701DF71C15725500F5E9AE /* LaunchScreen.storyboard */ = {
			isa = PBXVariantGroup;
			children = (
				45701DF81C15725500F5E9AE /* Base */,
			);
			name = LaunchScreen.storyboard;
			sourceTree = "<group>";
		};
/* End PBXVariantGroup section */

/* Begin XCBuildConfiguration section */
		45701DFB1C15725500F5E9AE /* Debug */ = {
			isa = XCBuildConfiguration;
			buildSettings = {
				ALWAYS_SEARCH_USER_PATHS = NO;
				CLANG_CXX_LANGUAGE_STANDARD = "gnu++0x";
				CLANG_CXX_LIBRARY = "libc++";
				CLANG_ENABLE_MODULES = YES;
				CLANG_ENABLE_OBJC_ARC = YES;
				CLANG_WARN_BOOL_CONVERSION = YES;
				CLANG_WARN_CONSTANT_CONVERSION = YES;
				CLANG_WARN_DIRECT_OBJC_ISA_USAGE = YES_ERROR;
				CLANG_WARN_EMPTY_BODY = YES;
				CLANG_WARN_ENUM_CONVERSION = YES;
				CLANG_WARN_INT_CONVERSION = YES;
				CLANG_WARN_OBJC_ROOT_CLASS = YES_ERROR;
				CLANG_WARN_UNREACHABLE_CODE = YES;
				CLANG_WARN__DUPLICATE_METHOD_MATCH = YES;
				"CODE_SIGN_IDENTITY[sdk=iphoneos*]" = "iPhone Developer";
				COPY_PHASE_STRIP = NO;
				DEBUG_INFORMATION_FORMAT = dwarf;
				ENABLE_STRICT_OBJC_MSGSEND = YES;
				ENABLE_TESTABILITY = YES;
				GCC_C_LANGUAGE_STANDARD = gnu99;
				GCC_DYNAMIC_NO_PIC = NO;
				GCC_NO_COMMON_BLOCKS = YES;
				GCC_OPTIMIZATION_LEVEL = 0;
				GCC_PREPROCESSOR_DEFINITIONS = (
					"DEBUG=1",
					"$(inherited)",
				);
				GCC_WARN_64_TO_32_BIT_CONVERSION = YES;
				GCC_WARN_ABOUT_RETURN_TYPE = YES_ERROR;
				GCC_WARN_UNDECLARED_SELECTOR = YES;
				GCC_WARN_UNINITIALIZED_AUTOS = YES_AGGRESSIVE;
				GCC_WARN_UNUSED_FUNCTION = YES;
				GCC_WARN_UNUSED_VARIABLE = YES;
				IPHONEOS_DEPLOYMENT_TARGET = 9.0;
				MTL_ENABLE_DEBUG_INFO = YES;
				ONLY_ACTIVE_ARCH = YES;
				SDKROOT = iphoneos;
				TARGETED_DEVICE_FAMILY = "1,2";
			};
			name = Debug;
		};
		45701DFC1C15725500F5E9AE /* Release */ = {
			isa = XCBuildConfiguration;
			buildSettings = {
				ALWAYS_SEARCH_USER_PATHS = NO;
				CLANG_CXX_LANGUAGE_STANDARD = "gnu++0x";
				CLANG_CXX_LIBRARY = "libc++";
				CLANG_ENABLE_MODULES = YES;
				CLANG_ENABLE_OBJC_ARC = YES;
				CLANG_WARN_BOOL_CONVERSION = YES;
				CLANG_WARN_CONSTANT_CONVERSION = YES;
				CLANG_WARN_DIRECT_OBJC_ISA_USAGE = YES_ERROR;
				CLANG_WARN_EMPTY_BODY = YES;
				CLANG_WARN_ENUM_CONVERSION = YES;
				CLANG_WARN_INT_CONVERSION = YES;
				CLANG_WARN_OBJC_ROOT_CLASS = YES_ERROR;
				CLANG_WARN_UNREACHABLE_CODE = YES;
				CLANG_WARN__DUPLICATE_METHOD_MATCH = YES;
				"CODE_SIGN_IDENTITY[sdk=iphoneos*]" = "iPhone Developer";
				COPY_PHASE_STRIP = NO;
				DEBUG_INFORMATION_FORMAT = "dwarf-with-dsym";
				ENABLE_NS_ASSERTIONS = NO;
				ENABLE_STRICT_OBJC_MSGSEND = YES;
				GCC_C_LANGUAGE_STANDARD = gnu99;
				GCC_NO_COMMON_BLOCKS = YES;
				GCC_WARN_64_TO_32_BIT_CONVERSION = YES;
				GCC_WARN_ABOUT_RETURN_TYPE = YES_ERROR;
				GCC_WARN_UNDECLARED_SELECTOR = YES;
				GCC_WARN_UNINITIALIZED_AUTOS = YES_AGGRESSIVE;
				GCC_WARN_UNUSED_FUNCTION = YES;
				GCC_WARN_UNUSED_VARIABLE = YES;
				IPHONEOS_DEPLOYMENT_TARGET = 9.0;
				MTL_ENABLE_DEBUG_INFO = NO;
				SDKROOT = iphoneos;
				TARGETED_DEVICE_FAMILY = "1,2";
				VALIDATE_PRODUCT = YES;
			};
			name = Release;
		};
		45701DFE1C15725500F5E9AE /* Debug */ = {
			isa = XCBuildConfiguration;
			buildSettings = {
				ASSETCATALOG_COMPILER_APPICON_NAME = AppIcon;
				INFOPLIST_FILE = SimpleSoundCloud/Info.plist;
				IPHONEOS_DEPLOYMENT_TARGET = 7.1;
				LD_RUNPATH_SEARCH_PATHS = "$(inherited) @executable_path/Frameworks";
				PRODUCT_BUNDLE_IDENTIFIER = tuannva.SimpleSoundCloud;
				PRODUCT_NAME = "$(TARGET_NAME)";
			};
			name = Debug;
		};
		45701DFF1C15725500F5E9AE /* Release */ = {
			isa = XCBuildConfiguration;
			buildSettings = {
				ASSETCATALOG_COMPILER_APPICON_NAME = AppIcon;
				INFOPLIST_FILE = SimpleSoundCloud/Info.plist;
				IPHONEOS_DEPLOYMENT_TARGET = 7.1;
				LD_RUNPATH_SEARCH_PATHS = "$(inherited) @executable_path/Frameworks";
				PRODUCT_BUNDLE_IDENTIFIER = tuannva.SimpleSoundCloud;
				PRODUCT_NAME = "$(TARGET_NAME)";
			};
			name = Release;
		};
/* End XCBuildConfiguration section */

/* Begin XCConfigurationList section */
		45701DDE1C15725500F5E9AE /* Build configuration list for PBXProject "SimpleSoundCloud" */ = {
			isa = XCConfigurationList;
			buildConfigurations = (
				45701DFB1C15725500F5E9AE /* Debug */,
				45701DFC1C15725500F5E9AE /* Release */,
			);
			defaultConfigurationIsVisible = 0;
			defaultConfigurationName = Release;
		};
		45701DFD1C15725500F5E9AE /* Build configuration list for PBXNativeTarget "SimpleSoundCloud" */ = {
			isa = XCConfigurationList;
			buildConfigurations = (
				45701DFE1C15725500F5E9AE /* Debug */,
				45701DFF1C15725500F5E9AE /* Release */,
			);
			defaultConfigurationIsVisible = 0;
			defaultConfigurationName = Release;
		};
/* End XCConfigurationList section */
	};
	rootObject = 45701DDB1C15725500F5E9AE /* Project object */;
}
